
Microsoft Visual Studio Solution File, Format Version 12.00
# Visual Studio 15
Project("{FAE04EC0-301F-11D3-BF4B-00C04F79EFBC}") = "Assembly-CSharp", "Assembly-CSharp.csproj", "{89D0A921-AB4E-D42A-94E7-3B73D4FDDB45}"
EndProject
Project("{FAE04EC0-301F-11D3-BF4B-00C04F79EFBC}") = "Assembly-CSharp-Editor", "Assembly-CSharp-Editor.csproj", "{97681309-38D3-B080-27AA-08FD294EEB23}"
EndProject
Global
	GlobalSection(SolutionConfigurationPlatforms) = preSolution
		Debug|Any CPU = Debug|Any CPU
		Release|Any CPU = Release|Any CPU
	EndGlobalSection
	GlobalSection(ProjectConfigurationPlatforms) = postSolution
		{89D0A921-AB4E-D42A-94E7-3B73D4FDDB45}.Debug|Any CPU.ActiveCfg = Debug|Any CPU
		{89D0A921-AB4E-D42A-94E7-3B73D4FDDB45}.Debug|Any CPU.Build.0 = Debug|Any CPU
		{89D0A921-AB4E-D42A-94E7-3B73D4FDDB45}.Release|Any CPU.ActiveCfg = Release|Any CPU
		{89D0A921-AB4E-D42A-94E7-3B73D4FDDB45}.Release|Any CPU.Build.0 = Release|Any CPU
		{97681309-38D3-B080-27AA-08FD294EEB23}.Debug|Any CPU.ActiveCfg = Debug|Any CPU
		{97681309-38D3-B080-27AA-08FD294EEB23}.Debug|Any CPU.Build.0 = Debug|Any CPU
		{97681309-38D3-B080-27AA-08FD294EEB23}.Release|Any CPU.ActiveCfg = Release|Any CPU
		{97681309-38D3-B080-27AA-08FD294EEB23}.Release|Any CPU.Build.0 = Release|Any CPU
	EndGlobalSection
	GlobalSection(SolutionProperties) = preSolution
		HideSolutionNode = FALSE
	EndGlobalSection
EndGlobal
